
Microsoft Visual Studio Solution File, Format Version 12.00
# Visual Studio Version 17
VisualStudioVersion = 17.0.31912.275
MinimumVisualStudioVersion = 10.0.40219.1
Project("{FAE04EC0-301F-11D3-BF4B-00C04F79EFBC}") = "RealtimeApp.Client", "RealtimeApp.Client\RealtimeApp.Client.csproj", "{009A119C-1617-4439-A23B-9727CF624364}"
EndProject
Global
	GlobalSection(SolutionConfigurationPlatforms) = preSolution
		Debug|Any CPU = Debug|Any CPU
		Release|Any CPU = Release|Any CPU
	EndGlobalSection
	GlobalSection(ProjectConfigurationPlatforms) = postSolution
		{009A119C-1617-4439-A23B-9727CF624364}.Debug|Any CPU.ActiveCfg = Debug|Any CPU
		{009A119C-1617-4439-A23B-9727CF624364}.Debug|Any CPU.Build.0 = Debug|Any CPU
		{009A119C-1617-4439-A23B-9727CF624364}.Release|Any CPU.ActiveCfg = Release|Any CPU
		{009A119C-1617-4439-A23B-9727CF624364}.Release|Any CPU.Build.0 = Release|Any CPU
	EndGlobalSection
	GlobalSection(SolutionProperties) = preSolution
		HideSolutionNode = FALSE
	EndGlobalSection
	GlobalSection(ExtensibilityGlobals) = postSolution
		SolutionGuid = {CEB7E07D-9DAF-4E49-BD31-220D7AA4D798}
	EndGlobalSection
EndGlobal
